# THIS IS AN AUTOGENERATED FILE. DO NOT EDIT THIS FILE DIRECTLY.
# yarn lockfile v1


voximplant-websdk@^4.5.0-2227:
  version "4.5.0-2227"
  resolved "https://registry.yarnpkg.com/voximplant-websdk/-/voximplant-websdk-4.5.0-2227.tgz#f3cd0e6c73a7ad671e25c7dc996d4f3bc74d10a4"
  integrity sha512-B5ayg8hzxML+oKQVUNnOV//nJdH2L2MISA3O4fenGaY4WTB4OL//Ghndbur0viIIj6rd/WQATx7Y/LSb8xeYLw==
